
Microsoft Visual Studio Solution File, Format Version 12.00
# Visual Studio Version 17
VisualStudioVersion = 17.11.35327.3
MinimumVisualStudioVersion = 10.0.40219.1
Project("{8BC9CEB8-8B4A-11D0-8D11-00A0C91BC942}") = "лр6", "лр6\лр6.vcxproj", "{4B60AF38-05A5-4E18-BF3E-A488B32F1858}"
EndProject
Global
	GlobalSection(SolutionConfigurationPlatforms) = preSolution
		Debug|x64 = Debug|x64
		Debug|x86 = Debug|x86
		Release|x64 = Release|x64
		Release|x86 = Release|x86
	EndGlobalSection
	GlobalSection(ProjectConfigurationPlatforms) = postSolution
		{4B60AF38-05A5-4E18-BF3E-A488B32F1858}.Debug|x64.ActiveCfg = Debug|x64
		{4B60AF38-05A5-4E18-BF3E-A488B32F1858}.Debug|x64.Build.0 = Debug|x64
		{4B60AF38-05A5-4E18-BF3E-A488B32F1858}.Debug|x86.ActiveCfg = Debug|Win32
		{4B60AF38-05A5-4E18-BF3E-A488B32F1858}.Debug|x86.Build.0 = Debug|Win32
		{4B60AF38-05A5-4E18-BF3E-A488B32F1858}.Release|x64.ActiveCfg = Release|x64
		{4B60AF38-05A5-4E18-BF3E-A488B32F1858}.Release|x64.Build.0 = Release|x64
		{4B60AF38-05A5-4E18-BF3E-A488B32F1858}.Release|x86.ActiveCfg = Release|Win32
		{4B60AF38-05A5-4E18-BF3E-A488B32F1858}.Release|x86.Build.0 = Release|Win32
	EndGlobalSection
	GlobalSection(SolutionProperties) = preSolution
		HideSolutionNode = FALSE
	EndGlobalSection
	GlobalSection(ExtensibilityGlobals) = postSolution
		SolutionGuid = {D5CAA988-55A1-4F78-8B9C-A6A8C6E767D5}
	EndGlobalSection
EndGlobal
